// !$*UTF8*$!
{
	archiveVersion = 1;
	classes = {
	};
	objectVersion = 46;
	objects = {

/* Begin PBXBuildFile section */
		FA8621691B02755000D8E6BA /* main.cpp in Sources */ = {isa = PBXBuildFile; fileRef = FA8621681B02755000D8E6BA /* main.cpp */; };
/* End PBXBuildFile section */

/* Begin PBXCopyFilesBuildPhase section */
		FA8621631B02755000D8E6BA /* CopyFiles */ = {
			isa = PBXCopyFilesBuildPhase;
			buildActionMask = 2147483647;
			dstPath = /usr/share/man/man1/;
			dstSubfolderSpec = 0;
			files = (
			);
			runOnlyForDeploymentPostprocessing = 1;
		};
/* End PBXCopyFilesBuildPhase section */

/* Begin PBXFileReference section */
		FA8621651B02755000D8E6BA /* EF.E2.Alfombra */ = {isa = PBXFileReference; explicitFileType = "compiled.mach-o.executable"; includeInIndex = 0; path = EF.E2.Alfombra; sourceTree = BUILT_PRODUCTS_DIR; };
		FA8621681B02755000D8E6BA /* main.cpp */ = {isa = PBXFileReference; lastKnownFileType = sourcecode.cpp.cpp; path = main.cpp; sourceTree = "<group>"; };
		FA8621821B0278C200D8E6BA /* BinaryTree.h */ = {isa = PBXFileReference; fileEncoding = 4; lastKnownFileType = sourcecode.c.h; path = BinaryTree.h; sourceTree = "<group>"; };
		FA8621831B0278C200D8E6BA /* BNode.h */ = {isa = PBXFileReference; fileEncoding = 4; lastKnownFileType = sourcecode.c.h; path = BNode.h; sourceTree = "<group>"; };
		FA8621851B027AA700D8E6BA /* Helper.h */ = {isa = PBXFileReference; lastKnownFileType = sourcecode.c.h; path = Helper.h; sourceTree = "<group>"; };
/* End PBXFileReference section */

/* Begin PBXFrameworksBuildPhase section */
		FA8621621B02755000D8E6BA /* Frameworks */ = {
			isa = PBXFrameworksBuildPhase;
			buildActionMask = 2147483647;
			files = (
			);
			runOnlyForDeploymentPostprocessing = 0;
		};
/* End PBXFrameworksBuildPhase section */

/* Begin PBXGroup section */
		FA86215C1B02755000D8E6BA = {
			isa = PBXGroup;
			children = (
				FA8621671B02755000D8E6BA /* EF.E2.Alfombra */,
				FA8621661B02755000D8E6BA /* Products */,
			);
			sourceTree = "<group>";
		};
		FA8621661B02755000D8E6BA /* Products */ = {
			isa = PBXGroup;
			children = (
				FA8621651B02755000D8E6BA /* EF.E2.Alfombra */,
			);
			name = Products;
			sourceTree = "<group>";
		};
		FA8621671B02755000D8E6BA /* EF.E2.Alfombra */ = {
			isa = PBXGroup;
			children = (
				FA8621851B027AA700D8E6BA /* Helper.h */,
				FA8621681B02755000D8E6BA /* main.cpp */,
				FA8621821B0278C200D8E6BA /* BinaryTree.h */,
				FA8621831B0278C200D8E6BA /* BNode.h */,
			);
			path = EF.E2.Alfombra;
			sourceTree = "<group>";
		};
/* End PBXGroup section */

/* Begin PBXNativeTarget section */
		FA8621641B02755000D8E6BA /* EF.E2.Alfombra */ = {
			isa = PBXNativeTarget;
			buildConfigurationList = FA86216C1B02755000D8E6BA /* Build configuration list for PBXNativeTarget "EF.E2.Alfombra" */;
			buildPhases = (
				FA8621611B02755000D8E6BA /* Sources */,
				FA8621621B02755000D8E6BA /* Frameworks */,
				FA8621631B02755000D8E6BA /* CopyFiles */,
			);
			buildRules = (
			);
			dependencies = (
			);
			name = EF.E2.Alfombra;
			productName = EF.E2.Alfombra;
			productReference = FA8621651B02755000D8E6BA /* EF.E2.Alfombra */;
			productType = "com.apple.product-type.tool";
		};
/* End PBXNativeTarget section */

/* Begin PBXProject section */
		FA86215D1B02755000D8E6BA /* Project object */ = {
			isa = PBXProject;
			attributes = {
				LastUpgradeCheck = 0630;
				ORGANIZATIONNAME = "Jonathan Ginsburg";
				TargetAttributes = {
					FA8621641B02755000D8E6BA = {
						CreatedOnToolsVersion = 6.3.1;
					};
				};
			};
			buildConfigurationList = FA8621601B02755000D8E6BA /* Build configuration list for PBXProject "EF.E2.Alfombra" */;
			compatibilityVersion = "Xcode 3.2";
			developmentRegion = English;
			hasScannedForEncodings = 0;
			knownRegions = (
				en,
			);
			mainGroup = FA86215C1B02755000D8E6BA;
			productRefGroup = FA8621661B02755000D8E6BA /* Products */;
			projectDirPath = "";
			projectRoot = "";
			targets = (
				FA8621641B02755000D8E6BA /* EF.E2.Alfombra */,
			);
		};
/* End PBXProject section */

/* Begin PBXSourcesBuildPhase section */
		FA8621611B02755000D8E6BA /* Sources */ = {
			isa = PBXSourcesBuildPhase;
			buildActionMask = 2147483647;
			files = (
				FA8621691B02755000D8E6BA /* main.cpp in Sources */,
			);
			runOnlyForDeploymentPostprocessing = 0;
		};
/* End PBXSourcesBuildPhase section */

/* Begin XCBuildConfiguration section */
		FA86216A1B02755000D8E6BA /* Debug */ = {
			isa = XCBuildConfiguration;
			buildSettings = {
				ALWAYS_SEARCH_USER_PATHS = NO;
				CLANG_CXX_LANGUAGE_STANDARD = "gnu++0x";
				CLANG_CXX_LIBRARY = "libc++";
				CLANG_ENABLE_MODULES = YES;
				CLANG_ENABLE_OBJC_ARC = YES;
				CLANG_WARN_BOOL_CONVERSION = YES;
				CLANG_WARN_CONSTANT_CONVERSION = YES;
				CLANG_WARN_DIRECT_OBJC_ISA_USAGE = YES_ERROR;
				CLANG_WARN_EMPTY_BODY = YES;
				CLANG_WARN_ENUM_CONVERSION = YES;
				CLANG_WARN_INT_CONVERSION = YES;
				CLANG_WARN_OBJC_ROOT_CLASS = YES_ERROR;
				CLANG_WARN_UNREACHABLE_CODE = YES;
				CLANG_WARN__DUPLICATE_METHOD_MATCH = YES;
				COPY_PHASE_STRIP = NO;
				DEBUG_INFORMATION_FORMAT = dwarf;
				ENABLE_STRICT_OBJC_MSGSEND = YES;
				GCC_C_LANGUAGE_STANDARD = gnu99;
				GCC_DYNAMIC_NO_PIC = NO;
				GCC_NO_COMMON_BLOCKS = YES;
				GCC_OPTIMIZATION_LEVEL = 0;
				GCC_PREPROCESSOR_DEFINITIONS = (
					"DEBUG=1",
					"$(inherited)",
				);
				GCC_SYMBOLS_PRIVATE_EXTERN = NO;
				GCC_WARN_64_TO_32_BIT_CONVERSION = YES;
				GCC_WARN_ABOUT_RETURN_TYPE = YES_ERROR;
				GCC_WARN_UNDECLARED_SELECTOR = YES;
				GCC_WARN_UNINITIALIZED_AUTOS = YES_AGGRESSIVE;
				GCC_WARN_UNUSED_FUNCTION = YES;
				GCC_WARN_UNUSED_VARIABLE = YES;
				MACOSX_DEPLOYMENT_TARGET = 10.10;
				MTL_ENABLE_DEBUG_INFO = YES;
				ONLY_ACTIVE_ARCH = YES;
				SDKROOT = macosx;
			};
			name = Debug;
		};
		FA86216B1B02755000D8E6BA /* Release */ = {
			isa = XCBuildConfiguration;
			buildSettings = {
				ALWAYS_SEARCH_USER_PATHS = NO;
				CLANG_CXX_LANGUAGE_STANDARD = "gnu++0x";
				CLANG_CXX_LIBRARY = "libc++";
				CLANG_ENABLE_MODULES = YES;
				CLANG_ENABLE_OBJC_ARC = YES;
				CLANG_WARN_BOOL_CONVERSION = YES;
				CLANG_WARN_CONSTANT_CONVERSION = YES;
				CLANG_WARN_DIRECT_OBJC_ISA_USAGE = YES_ERROR;
				CLANG_WARN_EMPTY_BODY = YES;
				CLANG_WARN_ENUM_CONVERSION = YES;
				CLANG_WARN_INT_CONVERSION = YES;
				CLANG_WARN_OBJC_ROOT_CLASS = YES_ERROR;
				CLANG_WARN_UNREACHABLE_CODE = YES;
				CLANG_WARN__DUPLICATE_METHOD_MATCH = YES;
				COPY_PHASE_STRIP = NO;
				DEBUG_INFORMATION_FORMAT = "dwarf-with-dsym";
				ENABLE_NS_ASSERTIONS = NO;
				ENABLE_STRICT_OBJC_MSGSEND = YES;
				GCC_C_LANGUAGE_STANDARD = gnu99;
				GCC_NO_COMMON_BLOCKS = YES;
				GCC_WARN_64_TO_32_BIT_CONVERSION = YES;
				GCC_WARN_ABOUT_RETURN_TYPE = YES_ERROR;
				GCC_WARN_UNDECLARED_SELECTOR = YES;
				GCC_WARN_UNINITIALIZED_AUTOS = YES_AGGRESSIVE;
				GCC_WARN_UNUSED_FUNCTION = YES;
				GCC_WARN_UNUSED_VARIABLE = YES;
				MACOSX_DEPLOYMENT_TARGET = 10.10;
				MTL_ENABLE_DEBUG_INFO = NO;
				SDKROOT = macosx;
			};
			name = Release;
		};
		FA86216D1B02755000D8E6BA /* Debug */ = {
			isa = XCBuildConfiguration;
			buildSettings = {
				PRODUCT_NAME = "$(TARGET_NAME)";
			};
			name = Debug;
		};
		FA86216E1B02755000D8E6BA /* Release */ = {
			isa = XCBuildConfiguration;
			buildSettings = {
				PRODUCT_NAME = "$(TARGET_NAME)";
			};
			name = Release;
		};
/* End XCBuildConfiguration section */

/* Begin XCConfigurationList section */
		FA8621601B02755000D8E6BA /* Build configuration list for PBXProject "EF.E2.Alfombra" */ = {
			isa = XCConfigurationList;
			buildConfigurations = (
				FA86216A1B02755000D8E6BA /* Debug */,
				FA86216B1B02755000D8E6BA /* Release */,
			);
			defaultConfigurationIsVisible = 0;
			defaultConfigurationName = Release;
		};
		FA86216C1B02755000D8E6BA /* Build configuration list for PBXNativeTarget "EF.E2.Alfombra" */ = {
			isa = XCConfigurationList;
			buildConfigurations = (
				FA86216D1B02755000D8E6BA /* Debug */,
				FA86216E1B02755000D8E6BA /* Release */,
			);
			defaultConfigurationIsVisible = 0;
		};
/* End XCConfigurationList section */
	};
	rootObject = FA86215D1B02755000D8E6BA /* Project object */;
}
