// !$*UTF8*$!
{
	archiveVersion = 1;
	classes = {
	};
	objectVersion = 46;
	objects = {

/* Begin PBXBuildFile section */
		FAD65ACD1AC3A1F2005F4977 /* main.cpp in Sources */ = {isa = PBXBuildFile; fileRef = FAD65ACC1AC3A1F2005F4977 /* main.cpp */; };
/* End PBXBuildFile section */

/* Begin PBXCopyFilesBuildPhase section */
		FAD65AC71AC3A1F2005F4977 /* CopyFiles */ = {
			isa = PBXCopyFilesBuildPhase;
			buildActionMask = 2147483647;
			dstPath = /usr/share/man/man1/;
			dstSubfolderSpec = 0;
			files = (
			);
			runOnlyForDeploymentPostprocessing = 1;
		};
/* End PBXCopyFilesBuildPhase section */

/* Begin PBXFileReference section */
		FAD65AC91AC3A1F2005F4977 /* Tarea4.Listas.Ejercicio1 */ = {isa = PBXFileReference; explicitFileType = "compiled.mach-o.executable"; includeInIndex = 0; path = Tarea4.Listas.Ejercicio1; sourceTree = BUILT_PRODUCTS_DIR; };
		FAD65ACC1AC3A1F2005F4977 /* main.cpp */ = {isa = PBXFileReference; lastKnownFileType = sourcecode.cpp.cpp; path = main.cpp; sourceTree = "<group>"; };
		FAD65AD41AC3A207005F4977 /* LinkedList.h */ = {isa = PBXFileReference; lastKnownFileType = sourcecode.c.h; path = LinkedList.h; sourceTree = "<group>"; };
		FAD65AD51AC3A207005F4977 /* CircularLinkedList.h */ = {isa = PBXFileReference; lastKnownFileType = sourcecode.c.h; path = CircularLinkedList.h; sourceTree = "<group>"; };
		FAD65AD61AC3A207005F4977 /* Node.h */ = {isa = PBXFileReference; lastKnownFileType = sourcecode.c.h; path = Node.h; sourceTree = "<group>"; };
		FAD65AD71AC3A207005F4977 /* Helper.h */ = {isa = PBXFileReference; lastKnownFileType = sourcecode.c.h; path = Helper.h; sourceTree = "<group>"; };
		FAD65AD81AC3A207005F4977 /* Queue.h */ = {isa = PBXFileReference; lastKnownFileType = sourcecode.c.h; path = Queue.h; sourceTree = "<group>"; };
		FAD65AD91AC3A207005F4977 /* Stack.h */ = {isa = PBXFileReference; lastKnownFileType = sourcecode.c.h; path = Stack.h; sourceTree = "<group>"; };
/* End PBXFileReference section */

/* Begin PBXFrameworksBuildPhase section */
		FAD65AC61AC3A1F2005F4977 /* Frameworks */ = {
			isa = PBXFrameworksBuildPhase;
			buildActionMask = 2147483647;
			files = (
			);
			runOnlyForDeploymentPostprocessing = 0;
		};
/* End PBXFrameworksBuildPhase section */

/* Begin PBXGroup section */
		FAD65AC01AC3A1F2005F4977 = {
			isa = PBXGroup;
			children = (
				FAD65ACB1AC3A1F2005F4977 /* Tarea4.Listas.Ejercicio1 */,
				FAD65ACA1AC3A1F2005F4977 /* Products */,
			);
			sourceTree = "<group>";
		};
		FAD65ACA1AC3A1F2005F4977 /* Products */ = {
			isa = PBXGroup;
			children = (
				FAD65AC91AC3A1F2005F4977 /* Tarea4.Listas.Ejercicio1 */,
			);
			name = Products;
			sourceTree = "<group>";
		};
		FAD65ACB1AC3A1F2005F4977 /* Tarea4.Listas.Ejercicio1 */ = {
			isa = PBXGroup;
			children = (
				FAD65ACC1AC3A1F2005F4977 /* main.cpp */,
				FAD65AD41AC3A207005F4977 /* LinkedList.h */,
				FAD65AD51AC3A207005F4977 /* CircularLinkedList.h */,
				FAD65AD61AC3A207005F4977 /* Node.h */,
				FAD65AD71AC3A207005F4977 /* Helper.h */,
				FAD65AD81AC3A207005F4977 /* Queue.h */,
				FAD65AD91AC3A207005F4977 /* Stack.h */,
			);
			path = Tarea4.Listas.Ejercicio1;
			sourceTree = "<group>";
		};
/* End PBXGroup section */

/* Begin PBXNativeTarget section */
		FAD65AC81AC3A1F2005F4977 /* Tarea4.Listas.Ejercicio1 */ = {
			isa = PBXNativeTarget;
			buildConfigurationList = FAD65AD01AC3A1F2005F4977 /* Build configuration list for PBXNativeTarget "Tarea4.Listas.Ejercicio1" */;
			buildPhases = (
				FAD65AC51AC3A1F2005F4977 /* Sources */,
				FAD65AC61AC3A1F2005F4977 /* Frameworks */,
				FAD65AC71AC3A1F2005F4977 /* CopyFiles */,
			);
			buildRules = (
			);
			dependencies = (
			);
			name = Tarea4.Listas.Ejercicio1;
			productName = Tarea4.Listas.Ejercicio1;
			productReference = FAD65AC91AC3A1F2005F4977 /* Tarea4.Listas.Ejercicio1 */;
			productType = "com.apple.product-type.tool";
		};
/* End PBXNativeTarget section */

/* Begin PBXProject section */
		FAD65AC11AC3A1F2005F4977 /* Project object */ = {
			isa = PBXProject;
			attributes = {
				LastUpgradeCheck = 0620;
				ORGANIZATIONNAME = "Jonathan Ginsburg";
				TargetAttributes = {
					FAD65AC81AC3A1F2005F4977 = {
						CreatedOnToolsVersion = 6.2;
					};
				};
			};
			buildConfigurationList = FAD65AC41AC3A1F2005F4977 /* Build configuration list for PBXProject "Tarea4.Listas.Ejercicio1" */;
			compatibilityVersion = "Xcode 3.2";
			developmentRegion = English;
			hasScannedForEncodings = 0;
			knownRegions = (
				en,
			);
			mainGroup = FAD65AC01AC3A1F2005F4977;
			productRefGroup = FAD65ACA1AC3A1F2005F4977 /* Products */;
			projectDirPath = "";
			projectRoot = "";
			targets = (
				FAD65AC81AC3A1F2005F4977 /* Tarea4.Listas.Ejercicio1 */,
			);
		};
/* End PBXProject section */

/* Begin PBXSourcesBuildPhase section */
		FAD65AC51AC3A1F2005F4977 /* Sources */ = {
			isa = PBXSourcesBuildPhase;
			buildActionMask = 2147483647;
			files = (
				FAD65ACD1AC3A1F2005F4977 /* main.cpp in Sources */,
			);
			runOnlyForDeploymentPostprocessing = 0;
		};
/* End PBXSourcesBuildPhase section */

/* Begin XCBuildConfiguration section */
		FAD65ACE1AC3A1F2005F4977 /* Debug */ = {
			isa = XCBuildConfiguration;
			buildSettings = {
				ALWAYS_SEARCH_USER_PATHS = NO;
				CLANG_CXX_LANGUAGE_STANDARD = "gnu++0x";
				CLANG_CXX_LIBRARY = "libc++";
				CLANG_ENABLE_MODULES = YES;
				CLANG_ENABLE_OBJC_ARC = YES;
				CLANG_WARN_BOOL_CONVERSION = YES;
				CLANG_WARN_CONSTANT_CONVERSION = YES;
				CLANG_WARN_DIRECT_OBJC_ISA_USAGE = YES_ERROR;
				CLANG_WARN_EMPTY_BODY = YES;
				CLANG_WARN_ENUM_CONVERSION = YES;
				CLANG_WARN_INT_CONVERSION = YES;
				CLANG_WARN_OBJC_ROOT_CLASS = YES_ERROR;
				CLANG_WARN_UNREACHABLE_CODE = YES;
				CLANG_WARN__DUPLICATE_METHOD_MATCH = YES;
				COPY_PHASE_STRIP = NO;
				ENABLE_STRICT_OBJC_MSGSEND = YES;
				GCC_C_LANGUAGE_STANDARD = gnu99;
				GCC_DYNAMIC_NO_PIC = NO;
				GCC_OPTIMIZATION_LEVEL = 0;
				GCC_PREPROCESSOR_DEFINITIONS = (
					"DEBUG=1",
					"$(inherited)",
				);
				GCC_SYMBOLS_PRIVATE_EXTERN = NO;
				GCC_WARN_64_TO_32_BIT_CONVERSION = YES;
				GCC_WARN_ABOUT_RETURN_TYPE = YES_ERROR;
				GCC_WARN_UNDECLARED_SELECTOR = YES;
				GCC_WARN_UNINITIALIZED_AUTOS = YES_AGGRESSIVE;
				GCC_WARN_UNUSED_FUNCTION = YES;
				GCC_WARN_UNUSED_VARIABLE = YES;
				MACOSX_DEPLOYMENT_TARGET = 10.10;
				MTL_ENABLE_DEBUG_INFO = YES;
				ONLY_ACTIVE_ARCH = YES;
				SDKROOT = macosx;
			};
			name = Debug;
		};
		FAD65ACF1AC3A1F2005F4977 /* Release */ = {
			isa = XCBuildConfiguration;
			buildSettings = {
				ALWAYS_SEARCH_USER_PATHS = NO;
				CLANG_CXX_LANGUAGE_STANDARD = "gnu++0x";
				CLANG_CXX_LIBRARY = "libc++";
				CLANG_ENABLE_MODULES = YES;
				CLANG_ENABLE_OBJC_ARC = YES;
				CLANG_WARN_BOOL_CONVERSION = YES;
				CLANG_WARN_CONSTANT_CONVERSION = YES;
				CLANG_WARN_DIRECT_OBJC_ISA_USAGE = YES_ERROR;
				CLANG_WARN_EMPTY_BODY = YES;
				CLANG_WARN_ENUM_CONVERSION = YES;
				CLANG_WARN_INT_CONVERSION = YES;
				CLANG_WARN_OBJC_ROOT_CLASS = YES_ERROR;
				CLANG_WARN_UNREACHABLE_CODE = YES;
				CLANG_WARN__DUPLICATE_METHOD_MATCH = YES;
				COPY_PHASE_STRIP = NO;
				DEBUG_INFORMATION_FORMAT = "dwarf-with-dsym";
				ENABLE_NS_ASSERTIONS = NO;
				ENABLE_STRICT_OBJC_MSGSEND = YES;
				GCC_C_LANGUAGE_STANDARD = gnu99;
				GCC_WARN_64_TO_32_BIT_CONVERSION = YES;
				GCC_WARN_ABOUT_RETURN_TYPE = YES_ERROR;
				GCC_WARN_UNDECLARED_SELECTOR = YES;
				GCC_WARN_UNINITIALIZED_AUTOS = YES_AGGRESSIVE;
				GCC_WARN_UNUSED_FUNCTION = YES;
				GCC_WARN_UNUSED_VARIABLE = YES;
				MACOSX_DEPLOYMENT_TARGET = 10.10;
				MTL_ENABLE_DEBUG_INFO = NO;
				SDKROOT = macosx;
			};
			name = Release;
		};
		FAD65AD11AC3A1F2005F4977 /* Debug */ = {
			isa = XCBuildConfiguration;
			buildSettings = {
				PRODUCT_NAME = "$(TARGET_NAME)";
			};
			name = Debug;
		};
		FAD65AD21AC3A1F2005F4977 /* Release */ = {
			isa = XCBuildConfiguration;
			buildSettings = {
				PRODUCT_NAME = "$(TARGET_NAME)";
			};
			name = Release;
		};
/* End XCBuildConfiguration section */

/* Begin XCConfigurationList section */
		FAD65AC41AC3A1F2005F4977 /* Build configuration list for PBXProject "Tarea4.Listas.Ejercicio1" */ = {
			isa = XCConfigurationList;
			buildConfigurations = (
				FAD65ACE1AC3A1F2005F4977 /* Debug */,
				FAD65ACF1AC3A1F2005F4977 /* Release */,
			);
			defaultConfigurationIsVisible = 0;
			defaultConfigurationName = Release;
		};
		FAD65AD01AC3A1F2005F4977 /* Build configuration list for PBXNativeTarget "Tarea4.Listas.Ejercicio1" */ = {
			isa = XCConfigurationList;
			buildConfigurations = (
				FAD65AD11AC3A1F2005F4977 /* Debug */,
				FAD65AD21AC3A1F2005F4977 /* Release */,
			);
			defaultConfigurationIsVisible = 0;
		};
/* End XCConfigurationList section */
	};
	rootObject = FAD65AC11AC3A1F2005F4977 /* Project object */;
}
