// !$*UTF8*$!
{
	archiveVersion = 1;
	classes = {
	};
	objectVersion = 46;
	objects = {

/* Begin PBXBuildFile section */
		FAD65AE71AC49FCD005F4977 /* main.cpp in Sources */ = {isa = PBXBuildFile; fileRef = FAD65AE61AC49FCD005F4977 /* main.cpp */; };
		FAD65AF71AC4FD43005F4977 /* EndDevice.cpp in Sources */ = {isa = PBXBuildFile; fileRef = FAD65AF51AC4FD43005F4977 /* EndDevice.cpp */; };
		FAD65AFD1AC504F4005F4977 /* TokenRingNetwork.cpp in Sources */ = {isa = PBXBuildFile; fileRef = FAD65AFB1AC504F4005F4977 /* TokenRingNetwork.cpp */; };
/* End PBXBuildFile section */

/* Begin PBXCopyFilesBuildPhase section */
		FAD65AE11AC49FCD005F4977 /* CopyFiles */ = {
			isa = PBXCopyFilesBuildPhase;
			buildActionMask = 2147483647;
			dstPath = /usr/share/man/man1/;
			dstSubfolderSpec = 0;
			files = (
			);
			runOnlyForDeploymentPostprocessing = 1;
		};
/* End PBXCopyFilesBuildPhase section */

/* Begin PBXFileReference section */
		FAA3AAF91AC78A5F000D2BBD /* CircularLinkedList.h */ = {isa = PBXFileReference; lastKnownFileType = sourcecode.c.h; path = CircularLinkedList.h; sourceTree = "<group>"; };
		FAA3AAFA1AC78A72000D2BBD /* LinkedList.h */ = {isa = PBXFileReference; lastKnownFileType = sourcecode.c.h; path = LinkedList.h; sourceTree = "<group>"; };
		FAA3AAFB1AC78A86000D2BBD /* Node.h */ = {isa = PBXFileReference; lastKnownFileType = sourcecode.c.h; path = Node.h; sourceTree = "<group>"; };
		FAA3AAFC1AC78AA0000D2BBD /* Queue.h */ = {isa = PBXFileReference; lastKnownFileType = sourcecode.c.h; path = Queue.h; sourceTree = "<group>"; };
		FAA3AAFD1AC78AB0000D2BBD /* Stack.h */ = {isa = PBXFileReference; lastKnownFileType = sourcecode.c.h; path = Stack.h; sourceTree = "<group>"; };
		FAD65AE31AC49FCD005F4977 /* Tarea4.Listas.Ejercicio2 */ = {isa = PBXFileReference; explicitFileType = "compiled.mach-o.executable"; includeInIndex = 0; path = Tarea4.Listas.Ejercicio2; sourceTree = BUILT_PRODUCTS_DIR; };
		FAD65AE61AC49FCD005F4977 /* main.cpp */ = {isa = PBXFileReference; lastKnownFileType = sourcecode.cpp.cpp; path = main.cpp; sourceTree = "<group>"; };
		FAD65AED1AC4FC4F005F4977 /* DoubleCircularLinkedList.h */ = {isa = PBXFileReference; lastKnownFileType = sourcecode.c.h; path = DoubleCircularLinkedList.h; sourceTree = "<group>"; };
		FAD65AF11AC4FC4F005F4977 /* Helper.h */ = {isa = PBXFileReference; lastKnownFileType = sourcecode.c.h; path = Helper.h; sourceTree = "<group>"; };
		FAD65AF51AC4FD43005F4977 /* EndDevice.cpp */ = {isa = PBXFileReference; fileEncoding = 4; lastKnownFileType = sourcecode.cpp.cpp; path = EndDevice.cpp; sourceTree = "<group>"; };
		FAD65AF61AC4FD43005F4977 /* EndDevice.h */ = {isa = PBXFileReference; fileEncoding = 4; lastKnownFileType = sourcecode.c.h; path = EndDevice.h; sourceTree = "<group>"; };
		FAD65AF91AC4FDC0005F4977 /* Token.h */ = {isa = PBXFileReference; fileEncoding = 4; lastKnownFileType = sourcecode.c.h; path = Token.h; sourceTree = "<group>"; };
		FAD65AFB1AC504F4005F4977 /* TokenRingNetwork.cpp */ = {isa = PBXFileReference; fileEncoding = 4; lastKnownFileType = sourcecode.cpp.cpp; path = TokenRingNetwork.cpp; sourceTree = "<group>"; };
		FAD65AFC1AC504F4005F4977 /* TokenRingNetwork.h */ = {isa = PBXFileReference; fileEncoding = 4; lastKnownFileType = sourcecode.c.h; path = TokenRingNetwork.h; sourceTree = "<group>"; };
		FAD65AFE1AC50943005F4977 /* Message.h */ = {isa = PBXFileReference; lastKnownFileType = sourcecode.c.h; path = Message.h; sourceTree = "<group>"; };
/* End PBXFileReference section */

/* Begin PBXFrameworksBuildPhase section */
		FAD65AE01AC49FCD005F4977 /* Frameworks */ = {
			isa = PBXFrameworksBuildPhase;
			buildActionMask = 2147483647;
			files = (
			);
			runOnlyForDeploymentPostprocessing = 0;
		};
/* End PBXFrameworksBuildPhase section */

/* Begin PBXGroup section */
		FAD65ADA1AC49FCD005F4977 = {
			isa = PBXGroup;
			children = (
				FAD65AE51AC49FCD005F4977 /* Tarea4.Listas.Ejercicio2 */,
				FAD65AE41AC49FCD005F4977 /* Products */,
			);
			sourceTree = "<group>";
		};
		FAD65AE41AC49FCD005F4977 /* Products */ = {
			isa = PBXGroup;
			children = (
				FAD65AE31AC49FCD005F4977 /* Tarea4.Listas.Ejercicio2 */,
			);
			name = Products;
			sourceTree = "<group>";
		};
		FAD65AE51AC49FCD005F4977 /* Tarea4.Listas.Ejercicio2 */ = {
			isa = PBXGroup;
			children = (
				FAD65AE61AC49FCD005F4977 /* main.cpp */,
				FAD65AF91AC4FDC0005F4977 /* Token.h */,
				FAD65AF61AC4FD43005F4977 /* EndDevice.h */,
				FAD65AF51AC4FD43005F4977 /* EndDevice.cpp */,
				FAD65AFE1AC50943005F4977 /* Message.h */,
				FAD65AFB1AC504F4005F4977 /* TokenRingNetwork.cpp */,
				FAD65AFC1AC504F4005F4977 /* TokenRingNetwork.h */,
				FAD65AF41AC4FC5C005F4977 /* vcn */,
			);
			path = Tarea4.Listas.Ejercicio2;
			sourceTree = "<group>";
		};
		FAD65AF41AC4FC5C005F4977 /* vcn */ = {
			isa = PBXGroup;
			children = (
				FAA3AAFD1AC78AB0000D2BBD /* Stack.h */,
				FAA3AAFC1AC78AA0000D2BBD /* Queue.h */,
				FAA3AAFB1AC78A86000D2BBD /* Node.h */,
				FAA3AAFA1AC78A72000D2BBD /* LinkedList.h */,
				FAA3AAF91AC78A5F000D2BBD /* CircularLinkedList.h */,
				FAD65AF11AC4FC4F005F4977 /* Helper.h */,
				FAD65AED1AC4FC4F005F4977 /* DoubleCircularLinkedList.h */,
			);
			name = vcn;
			sourceTree = "<group>";
		};
/* End PBXGroup section */

/* Begin PBXNativeTarget section */
		FAD65AE21AC49FCD005F4977 /* Tarea4.Listas.Ejercicio2 */ = {
			isa = PBXNativeTarget;
			buildConfigurationList = FAD65AEA1AC49FCD005F4977 /* Build configuration list for PBXNativeTarget "Tarea4.Listas.Ejercicio2" */;
			buildPhases = (
				FAD65ADF1AC49FCD005F4977 /* Sources */,
				FAD65AE01AC49FCD005F4977 /* Frameworks */,
				FAD65AE11AC49FCD005F4977 /* CopyFiles */,
			);
			buildRules = (
			);
			dependencies = (
			);
			name = Tarea4.Listas.Ejercicio2;
			productName = Tarea4.Listas.Ejercicio2;
			productReference = FAD65AE31AC49FCD005F4977 /* Tarea4.Listas.Ejercicio2 */;
			productType = "com.apple.product-type.tool";
		};
/* End PBXNativeTarget section */

/* Begin PBXProject section */
		FAD65ADB1AC49FCD005F4977 /* Project object */ = {
			isa = PBXProject;
			attributes = {
				LastUpgradeCheck = 0620;
				ORGANIZATIONNAME = "Jonathan Ginsburg";
				TargetAttributes = {
					FAD65AE21AC49FCD005F4977 = {
						CreatedOnToolsVersion = 6.2;
					};
				};
			};
			buildConfigurationList = FAD65ADE1AC49FCD005F4977 /* Build configuration list for PBXProject "Tarea4.Listas.Ejercicio2" */;
			compatibilityVersion = "Xcode 3.2";
			developmentRegion = English;
			hasScannedForEncodings = 0;
			knownRegions = (
				en,
			);
			mainGroup = FAD65ADA1AC49FCD005F4977;
			productRefGroup = FAD65AE41AC49FCD005F4977 /* Products */;
			projectDirPath = "";
			projectRoot = "";
			targets = (
				FAD65AE21AC49FCD005F4977 /* Tarea4.Listas.Ejercicio2 */,
			);
		};
/* End PBXProject section */

/* Begin PBXSourcesBuildPhase section */
		FAD65ADF1AC49FCD005F4977 /* Sources */ = {
			isa = PBXSourcesBuildPhase;
			buildActionMask = 2147483647;
			files = (
				FAD65AE71AC49FCD005F4977 /* main.cpp in Sources */,
				FAD65AF71AC4FD43005F4977 /* EndDevice.cpp in Sources */,
				FAD65AFD1AC504F4005F4977 /* TokenRingNetwork.cpp in Sources */,
			);
			runOnlyForDeploymentPostprocessing = 0;
		};
/* End PBXSourcesBuildPhase section */

/* Begin XCBuildConfiguration section */
		FAD65AE81AC49FCD005F4977 /* Debug */ = {
			isa = XCBuildConfiguration;
			buildSettings = {
				ALWAYS_SEARCH_USER_PATHS = NO;
				CLANG_CXX_LANGUAGE_STANDARD = "gnu++0x";
				CLANG_CXX_LIBRARY = "libc++";
				CLANG_ENABLE_MODULES = YES;
				CLANG_ENABLE_OBJC_ARC = YES;
				CLANG_WARN_BOOL_CONVERSION = YES;
				CLANG_WARN_CONSTANT_CONVERSION = YES;
				CLANG_WARN_DIRECT_OBJC_ISA_USAGE = YES_ERROR;
				CLANG_WARN_EMPTY_BODY = YES;
				CLANG_WARN_ENUM_CONVERSION = YES;
				CLANG_WARN_INT_CONVERSION = YES;
				CLANG_WARN_OBJC_ROOT_CLASS = YES_ERROR;
				CLANG_WARN_UNREACHABLE_CODE = YES;
				CLANG_WARN__DUPLICATE_METHOD_MATCH = YES;
				COPY_PHASE_STRIP = NO;
				ENABLE_STRICT_OBJC_MSGSEND = YES;
				GCC_C_LANGUAGE_STANDARD = gnu99;
				GCC_DYNAMIC_NO_PIC = NO;
				GCC_OPTIMIZATION_LEVEL = 0;
				GCC_PREPROCESSOR_DEFINITIONS = (
					"DEBUG=1",
					"$(inherited)",
				);
				GCC_SYMBOLS_PRIVATE_EXTERN = NO;
				GCC_WARN_64_TO_32_BIT_CONVERSION = YES;
				GCC_WARN_ABOUT_RETURN_TYPE = YES_ERROR;
				GCC_WARN_UNDECLARED_SELECTOR = YES;
				GCC_WARN_UNINITIALIZED_AUTOS = YES_AGGRESSIVE;
				GCC_WARN_UNUSED_FUNCTION = YES;
				GCC_WARN_UNUSED_VARIABLE = YES;
				MACOSX_DEPLOYMENT_TARGET = 10.10;
				MTL_ENABLE_DEBUG_INFO = YES;
				ONLY_ACTIVE_ARCH = YES;
				SDKROOT = macosx;
			};
			name = Debug;
		};
		FAD65AE91AC49FCD005F4977 /* Release */ = {
			isa = XCBuildConfiguration;
			buildSettings = {
				ALWAYS_SEARCH_USER_PATHS = NO;
				CLANG_CXX_LANGUAGE_STANDARD = "gnu++0x";
				CLANG_CXX_LIBRARY = "libc++";
				CLANG_ENABLE_MODULES = YES;
				CLANG_ENABLE_OBJC_ARC = YES;
				CLANG_WARN_BOOL_CONVERSION = YES;
				CLANG_WARN_CONSTANT_CONVERSION = YES;
				CLANG_WARN_DIRECT_OBJC_ISA_USAGE = YES_ERROR;
				CLANG_WARN_EMPTY_BODY = YES;
				CLANG_WARN_ENUM_CONVERSION = YES;
				CLANG_WARN_INT_CONVERSION = YES;
				CLANG_WARN_OBJC_ROOT_CLASS = YES_ERROR;
				CLANG_WARN_UNREACHABLE_CODE = YES;
				CLANG_WARN__DUPLICATE_METHOD_MATCH = YES;
				COPY_PHASE_STRIP = NO;
				DEBUG_INFORMATION_FORMAT = "dwarf-with-dsym";
				ENABLE_NS_ASSERTIONS = NO;
				ENABLE_STRICT_OBJC_MSGSEND = YES;
				GCC_C_LANGUAGE_STANDARD = gnu99;
				GCC_WARN_64_TO_32_BIT_CONVERSION = YES;
				GCC_WARN_ABOUT_RETURN_TYPE = YES_ERROR;
				GCC_WARN_UNDECLARED_SELECTOR = YES;
				GCC_WARN_UNINITIALIZED_AUTOS = YES_AGGRESSIVE;
				GCC_WARN_UNUSED_FUNCTION = YES;
				GCC_WARN_UNUSED_VARIABLE = YES;
				MACOSX_DEPLOYMENT_TARGET = 10.10;
				MTL_ENABLE_DEBUG_INFO = NO;
				SDKROOT = macosx;
			};
			name = Release;
		};
		FAD65AEB1AC49FCD005F4977 /* Debug */ = {
			isa = XCBuildConfiguration;
			buildSettings = {
				PRODUCT_NAME = "$(TARGET_NAME)";
			};
			name = Debug;
		};
		FAD65AEC1AC49FCD005F4977 /* Release */ = {
			isa = XCBuildConfiguration;
			buildSettings = {
				PRODUCT_NAME = "$(TARGET_NAME)";
			};
			name = Release;
		};
/* End XCBuildConfiguration section */

/* Begin XCConfigurationList section */
		FAD65ADE1AC49FCD005F4977 /* Build configuration list for PBXProject "Tarea4.Listas.Ejercicio2" */ = {
			isa = XCConfigurationList;
			buildConfigurations = (
				FAD65AE81AC49FCD005F4977 /* Debug */,
				FAD65AE91AC49FCD005F4977 /* Release */,
			);
			defaultConfigurationIsVisible = 0;
			defaultConfigurationName = Release;
		};
		FAD65AEA1AC49FCD005F4977 /* Build configuration list for PBXNativeTarget "Tarea4.Listas.Ejercicio2" */ = {
			isa = XCConfigurationList;
			buildConfigurations = (
				FAD65AEB1AC49FCD005F4977 /* Debug */,
				FAD65AEC1AC49FCD005F4977 /* Release */,
			);
			defaultConfigurationIsVisible = 0;
			defaultConfigurationName = Release;
		};
/* End XCConfigurationList section */
	};
	rootObject = FAD65ADB1AC49FCD005F4977 /* Project object */;
}
