// !$*UTF8*$!
{
	archiveVersion = 1;
	classes = {
	};
	objectVersion = 46;
	objects = {

/* Begin PBXBuildFile section */
		FA82CEBD1AEF701C0042B884 /* main.cpp in Sources */ = {isa = PBXBuildFile; fileRef = FA82CEBC1AEF701C0042B884 /* main.cpp */; };
/* End PBXBuildFile section */

/* Begin PBXCopyFilesBuildPhase section */
		FA82CEB71AEF701C0042B884 /* CopyFiles */ = {
			isa = PBXCopyFilesBuildPhase;
			buildActionMask = 2147483647;
			dstPath = /usr/share/man/man1/;
			dstSubfolderSpec = 0;
			files = (
			);
			runOnlyForDeploymentPostprocessing = 1;
		};
/* End PBXCopyFilesBuildPhase section */

/* Begin PBXFileReference section */
		FA82CEB91AEF701C0042B884 /* Tarea6.STL.E1 */ = {isa = PBXFileReference; explicitFileType = "compiled.mach-o.executable"; includeInIndex = 0; path = Tarea6.STL.E1; sourceTree = BUILT_PRODUCTS_DIR; };
		FA82CEBC1AEF701C0042B884 /* main.cpp */ = {isa = PBXFileReference; lastKnownFileType = sourcecode.cpp.cpp; path = main.cpp; sourceTree = "<group>"; };
		FA82CEC41AEF703E0042B884 /* Vertex.h */ = {isa = PBXFileReference; lastKnownFileType = sourcecode.c.h; path = Vertex.h; sourceTree = "<group>"; };
		FA82CEC51AEF703E0042B884 /* Edge.h */ = {isa = PBXFileReference; lastKnownFileType = sourcecode.c.h; path = Edge.h; sourceTree = "<group>"; };
		FA82CEC61AEF703E0042B884 /* Graph.h */ = {isa = PBXFileReference; lastKnownFileType = sourcecode.c.h; path = Graph.h; sourceTree = "<group>"; };
		FA82CEC71AEF703E0042B884 /* Helper.h */ = {isa = PBXFileReference; lastKnownFileType = sourcecode.c.h; path = Helper.h; sourceTree = "<group>"; };
/* End PBXFileReference section */

/* Begin PBXFrameworksBuildPhase section */
		FA82CEB61AEF701C0042B884 /* Frameworks */ = {
			isa = PBXFrameworksBuildPhase;
			buildActionMask = 2147483647;
			files = (
			);
			runOnlyForDeploymentPostprocessing = 0;
		};
/* End PBXFrameworksBuildPhase section */

/* Begin PBXGroup section */
		FA82CEB01AEF701C0042B884 = {
			isa = PBXGroup;
			children = (
				FA82CEBB1AEF701C0042B884 /* Tarea6.STL.E1 */,
				FA82CEBA1AEF701C0042B884 /* Products */,
			);
			sourceTree = "<group>";
		};
		FA82CEBA1AEF701C0042B884 /* Products */ = {
			isa = PBXGroup;
			children = (
				FA82CEB91AEF701C0042B884 /* Tarea6.STL.E1 */,
			);
			name = Products;
			sourceTree = "<group>";
		};
		FA82CEBB1AEF701C0042B884 /* Tarea6.STL.E1 */ = {
			isa = PBXGroup;
			children = (
				FA82CEBC1AEF701C0042B884 /* main.cpp */,
				FA82CEC41AEF703E0042B884 /* Vertex.h */,
				FA82CEC51AEF703E0042B884 /* Edge.h */,
				FA82CEC61AEF703E0042B884 /* Graph.h */,
				FA82CEC71AEF703E0042B884 /* Helper.h */,
			);
			path = Tarea6.STL.E1;
			sourceTree = "<group>";
		};
/* End PBXGroup section */

/* Begin PBXNativeTarget section */
		FA82CEB81AEF701C0042B884 /* Tarea6.STL.E1 */ = {
			isa = PBXNativeTarget;
			buildConfigurationList = FA82CEC01AEF701C0042B884 /* Build configuration list for PBXNativeTarget "Tarea6.STL.E1" */;
			buildPhases = (
				FA82CEB51AEF701C0042B884 /* Sources */,
				FA82CEB61AEF701C0042B884 /* Frameworks */,
				FA82CEB71AEF701C0042B884 /* CopyFiles */,
			);
			buildRules = (
			);
			dependencies = (
			);
			name = Tarea6.STL.E1;
			productName = Tarea6.STL.E1;
			productReference = FA82CEB91AEF701C0042B884 /* Tarea6.STL.E1 */;
			productType = "com.apple.product-type.tool";
		};
/* End PBXNativeTarget section */

/* Begin PBXProject section */
		FA82CEB11AEF701C0042B884 /* Project object */ = {
			isa = PBXProject;
			attributes = {
				LastUpgradeCheck = 0630;
				ORGANIZATIONNAME = "Jonathan Ginsburg";
				TargetAttributes = {
					FA82CEB81AEF701C0042B884 = {
						CreatedOnToolsVersion = 6.3.1;
					};
				};
			};
			buildConfigurationList = FA82CEB41AEF701C0042B884 /* Build configuration list for PBXProject "Tarea6.STL.E1" */;
			compatibilityVersion = "Xcode 3.2";
			developmentRegion = English;
			hasScannedForEncodings = 0;
			knownRegions = (
				en,
			);
			mainGroup = FA82CEB01AEF701C0042B884;
			productRefGroup = FA82CEBA1AEF701C0042B884 /* Products */;
			projectDirPath = "";
			projectRoot = "";
			targets = (
				FA82CEB81AEF701C0042B884 /* Tarea6.STL.E1 */,
			);
		};
/* End PBXProject section */

/* Begin PBXSourcesBuildPhase section */
		FA82CEB51AEF701C0042B884 /* Sources */ = {
			isa = PBXSourcesBuildPhase;
			buildActionMask = 2147483647;
			files = (
				FA82CEBD1AEF701C0042B884 /* main.cpp in Sources */,
			);
			runOnlyForDeploymentPostprocessing = 0;
		};
/* End PBXSourcesBuildPhase section */

/* Begin XCBuildConfiguration section */
		FA82CEBE1AEF701C0042B884 /* Debug */ = {
			isa = XCBuildConfiguration;
			buildSettings = {
				ALWAYS_SEARCH_USER_PATHS = NO;
				CLANG_CXX_LANGUAGE_STANDARD = "gnu++0x";
				CLANG_CXX_LIBRARY = "libc++";
				CLANG_ENABLE_MODULES = YES;
				CLANG_ENABLE_OBJC_ARC = YES;
				CLANG_WARN_BOOL_CONVERSION = YES;
				CLANG_WARN_CONSTANT_CONVERSION = YES;
				CLANG_WARN_DIRECT_OBJC_ISA_USAGE = YES_ERROR;
				CLANG_WARN_EMPTY_BODY = YES;
				CLANG_WARN_ENUM_CONVERSION = YES;
				CLANG_WARN_INT_CONVERSION = YES;
				CLANG_WARN_OBJC_ROOT_CLASS = YES_ERROR;
				CLANG_WARN_UNREACHABLE_CODE = YES;
				CLANG_WARN__DUPLICATE_METHOD_MATCH = YES;
				COPY_PHASE_STRIP = NO;
				DEBUG_INFORMATION_FORMAT = dwarf;
				ENABLE_STRICT_OBJC_MSGSEND = YES;
				GCC_C_LANGUAGE_STANDARD = gnu99;
				GCC_DYNAMIC_NO_PIC = NO;
				GCC_NO_COMMON_BLOCKS = YES;
				GCC_OPTIMIZATION_LEVEL = 0;
				GCC_PREPROCESSOR_DEFINITIONS = (
					"DEBUG=1",
					"$(inherited)",
				);
				GCC_SYMBOLS_PRIVATE_EXTERN = NO;
				GCC_WARN_64_TO_32_BIT_CONVERSION = YES;
				GCC_WARN_ABOUT_RETURN_TYPE = YES_ERROR;
				GCC_WARN_UNDECLARED_SELECTOR = YES;
				GCC_WARN_UNINITIALIZED_AUTOS = YES_AGGRESSIVE;
				GCC_WARN_UNUSED_FUNCTION = YES;
				GCC_WARN_UNUSED_VARIABLE = YES;
				MACOSX_DEPLOYMENT_TARGET = 10.10;
				MTL_ENABLE_DEBUG_INFO = YES;
				ONLY_ACTIVE_ARCH = YES;
				SDKROOT = macosx;
			};
			name = Debug;
		};
		FA82CEBF1AEF701C0042B884 /* Release */ = {
			isa = XCBuildConfiguration;
			buildSettings = {
				ALWAYS_SEARCH_USER_PATHS = NO;
				CLANG_CXX_LANGUAGE_STANDARD = "gnu++0x";
				CLANG_CXX_LIBRARY = "libc++";
				CLANG_ENABLE_MODULES = YES;
				CLANG_ENABLE_OBJC_ARC = YES;
				CLANG_WARN_BOOL_CONVERSION = YES;
				CLANG_WARN_CONSTANT_CONVERSION = YES;
				CLANG_WARN_DIRECT_OBJC_ISA_USAGE = YES_ERROR;
				CLANG_WARN_EMPTY_BODY = YES;
				CLANG_WARN_ENUM_CONVERSION = YES;
				CLANG_WARN_INT_CONVERSION = YES;
				CLANG_WARN_OBJC_ROOT_CLASS = YES_ERROR;
				CLANG_WARN_UNREACHABLE_CODE = YES;
				CLANG_WARN__DUPLICATE_METHOD_MATCH = YES;
				COPY_PHASE_STRIP = NO;
				DEBUG_INFORMATION_FORMAT = "dwarf-with-dsym";
				ENABLE_NS_ASSERTIONS = NO;
				ENABLE_STRICT_OBJC_MSGSEND = YES;
				GCC_C_LANGUAGE_STANDARD = gnu99;
				GCC_NO_COMMON_BLOCKS = YES;
				GCC_WARN_64_TO_32_BIT_CONVERSION = YES;
				GCC_WARN_ABOUT_RETURN_TYPE = YES_ERROR;
				GCC_WARN_UNDECLARED_SELECTOR = YES;
				GCC_WARN_UNINITIALIZED_AUTOS = YES_AGGRESSIVE;
				GCC_WARN_UNUSED_FUNCTION = YES;
				GCC_WARN_UNUSED_VARIABLE = YES;
				MACOSX_DEPLOYMENT_TARGET = 10.10;
				MTL_ENABLE_DEBUG_INFO = NO;
				SDKROOT = macosx;
			};
			name = Release;
		};
		FA82CEC11AEF701C0042B884 /* Debug */ = {
			isa = XCBuildConfiguration;
			buildSettings = {
				PRODUCT_NAME = "$(TARGET_NAME)";
			};
			name = Debug;
		};
		FA82CEC21AEF701C0042B884 /* Release */ = {
			isa = XCBuildConfiguration;
			buildSettings = {
				PRODUCT_NAME = "$(TARGET_NAME)";
			};
			name = Release;
		};
/* End XCBuildConfiguration section */

/* Begin XCConfigurationList section */
		FA82CEB41AEF701C0042B884 /* Build configuration list for PBXProject "Tarea6.STL.E1" */ = {
			isa = XCConfigurationList;
			buildConfigurations = (
				FA82CEBE1AEF701C0042B884 /* Debug */,
				FA82CEBF1AEF701C0042B884 /* Release */,
			);
			defaultConfigurationIsVisible = 0;
			defaultConfigurationName = Release;
		};
		FA82CEC01AEF701C0042B884 /* Build configuration list for PBXNativeTarget "Tarea6.STL.E1" */ = {
			isa = XCConfigurationList;
			buildConfigurations = (
				FA82CEC11AEF701C0042B884 /* Debug */,
				FA82CEC21AEF701C0042B884 /* Release */,
			);
			defaultConfigurationIsVisible = 0;
		};
/* End XCConfigurationList section */
	};
	rootObject = FA82CEB11AEF701C0042B884 /* Project object */;
}
